// !$*UTF8*$!
{
	archiveVersion = 1;
	classes = {
	};
	objectVersion = 77;
	objects = {

/* Begin PBXContainerItemProxy section */
		DB555A1A2E2AA0EC0009C169 /* PBXContainerItemProxy */ = {
			isa = PBXContainerItemProxy;
			containerPortal = DB555A022E2AA0EA0009C169 /* Project object */;
			proxyType = 1;
			remoteGlobalIDString = DB555A092E2AA0EA0009C169;
			remoteInfo = "Track Visit";
		};
		DB555A242E2AA0EC0009C169 /* PBXContainerItemProxy */ = {
			isa = PBXContainerItemProxy;
			containerPortal = DB555A022E2AA0EA0009C169 /* Project object */;
			proxyType = 1;
			remoteGlobalIDString = DB555A092E2AA0EA0009C169;
			remoteInfo = "Track Visit";
		};
/* End PBXContainerItemProxy section */

/* Begin PBXFileReference section */
		DB555A0A2E2AA0EA0009C169 /* Track Visit.app */ = {isa = PBXFileReference; explicitFileType = wrapper.application; includeInIndex = 0; path = "Track Visit.app"; sourceTree = BUILT_PRODUCTS_DIR; };
		DB555A192E2AA0EC0009C169 /* Track VisitTests.xctest */ = {isa = PBXFileReference; explicitFileType = wrapper.cfbundle; includeInIndex = 0; path = "Track VisitTests.xctest"; sourceTree = BUILT_PRODUCTS_DIR; };
		DB555A232E2AA0EC0009C169 /* Track VisitUITests.xctest */ = {isa = PBXFileReference; explicitFileType = wrapper.cfbundle; includeInIndex = 0; path = "Track VisitUITests.xctest"; sourceTree = BUILT_PRODUCTS_DIR; };
/* End PBXFileReference section */

/* Begin PBXFileSystemSynchronizedRootGroup section */
		DB555A0C2E2AA0EA0009C169 /* Track Visit */ = {
			isa = PBXFileSystemSynchronizedRootGroup;
			path = "Track Visit";
			sourceTree = "<group>";
		};
		DB555A1C2E2AA0EC0009C169 /* Track VisitTests */ = {
			isa = PBXFileSystemSynchronizedRootGroup;
			path = "Track VisitTests";
			sourceTree = "<group>";
		};
		DB555A262E2AA0EC0009C169 /* Track VisitUITests */ = {
			isa = PBXFileSystemSynchronizedRootGroup;
			path = "Track VisitUITests";
			sourceTree = "<group>";
		};
/* End PBXFileSystemSynchronizedRootGroup section */

/* Begin PBXFrameworksBuildPhase section */
		DB555A072E2AA0EA0009C169 /* Frameworks */ = {
			isa = PBXFrameworksBuildPhase;
			buildActionMask = 2147483647;
			files = (
			);
			runOnlyForDeploymentPostprocessing = 0;
		};
		DB555A162E2AA0EC0009C169 /* Frameworks */ = {
			isa = PBXFrameworksBuildPhase;
			buildActionMask = 2147483647;
			files = (
			);
			runOnlyForDeploymentPostprocessing = 0;
		};
		DB555A202E2AA0EC0009C169 /* Frameworks */ = {
			isa = PBXFrameworksBuildPhase;
			buildActionMask = 2147483647;
			files = (
			);
			runOnlyForDeploymentPostprocessing = 0;
		};
/* End PBXFrameworksBuildPhase section */

/* Begin PBXGroup section */
		DB555A012E2AA0EA0009C169 = {
			isa = PBXGroup;
			children = (
				DB555A0C2E2AA0EA0009C169 /* Track Visit */,
				DB555A1C2E2AA0EC0009C169 /* Track VisitTests */,
				DB555A262E2AA0EC0009C169 /* Track VisitUITests */,
				DB555A0B2E2AA0EA0009C169 /* Products */,
			);
			sourceTree = "<group>";
		};
		DB555A0B2E2AA0EA0009C169 /* Products */ = {
			isa = PBXGroup;
			children = (
				DB555A0A2E2AA0EA0009C169 /* Track Visit.app */,
				DB555A192E2AA0EC0009C169 /* Track VisitTests.xctest */,
				DB555A232E2AA0EC0009C169 /* Track VisitUITests.xctest */,
			);
			name = Products;
			sourceTree = "<group>";
		};
/* End PBXGroup section */

/* Begin PBXNativeTarget section */
		DB555A092E2AA0EA0009C169 /* Track Visit */ = {
			isa = PBXNativeTarget;
			buildConfigurationList = DB555A2D2E2AA0EC0009C169 /* Build configuration list for PBXNativeTarget "Track Visit" */;
			buildPhases = (
				DB555A062E2AA0EA0009C169 /* Sources */,
				DB555A072E2AA0EA0009C169 /* Frameworks */,
				DB555A082E2AA0EA0009C169 /* Resources */,
			);
			buildRules = (
			);
			dependencies = (
			);
			fileSystemSynchronizedGroups = (
				DB555A0C2E2AA0EA0009C169 /* Track Visit */,
			);
			name = "Track Visit";
			packageProductDependencies = (
			);
			productName = "Track Visit";
			productReference = DB555A0A2E2AA0EA0009C169 /* Track Visit.app */;
			productType = "com.apple.product-type.application";
		};
		DB555A182E2AA0EC0009C169 /* Track VisitTests */ = {
			isa = PBXNativeTarget;
			buildConfigurationList = DB555A302E2AA0EC0009C169 /* Build configuration list for PBXNativeTarget "Track VisitTests" */;
			buildPhases = (
				DB555A152E2AA0EC0009C169 /* Sources */,
				DB555A162E2AA0EC0009C169 /* Frameworks */,
				DB555A172E2AA0EC0009C169 /* Resources */,
			);
			buildRules = (
			);
			dependencies = (
				DB555A1B2E2AA0EC0009C169 /* PBXTargetDependency */,
			);
			fileSystemSynchronizedGroups = (
				DB555A1C2E2AA0EC0009C169 /* Track VisitTests */,
			);
			name = "Track VisitTests";
			packageProductDependencies = (
			);
			productName = "Track VisitTests";
			productReference = DB555A192E2AA0EC0009C169 /* Track VisitTests.xctest */;
			productType = "com.apple.product-type.bundle.unit-test";
		};
		DB555A222E2AA0EC0009C169 /* Track VisitUITests */ = {
			isa = PBXNativeTarget;
			buildConfigurationList = DB555A332E2AA0EC0009C169 /* Build configuration list for PBXNativeTarget "Track VisitUITests" */;
			buildPhases = (
				DB555A1F2E2AA0EC0009C169 /* Sources */,
				DB555A202E2AA0EC0009C169 /* Frameworks */,
				DB555A212E2AA0EC0009C169 /* Resources */,
			);
			buildRules = (
			);
			dependencies = (
				DB555A252E2AA0EC0009C169 /* PBXTargetDependency */,
			);
			fileSystemSynchronizedGroups = (
				DB555A262E2AA0EC0009C169 /* Track VisitUITests */,
			);
			name = "Track VisitUITests";
			packageProductDependencies = (
			);
			productName = "Track VisitUITests";
			productReference = DB555A232E2AA0EC0009C169 /* Track VisitUITests.xctest */;
			productType = "com.apple.product-type.bundle.ui-testing";
		};
/* End PBXNativeTarget section */

/* Begin PBXProject section */
		DB555A022E2AA0EA0009C169 /* Project object */ = {
			isa = PBXProject;
			attributes = {
				BuildIndependentTargetsInParallel = 1;
				LastSwiftUpdateCheck = 1640;
				LastUpgradeCheck = 1640;
				TargetAttributes = {
					DB555A092E2AA0EA0009C169 = {
						CreatedOnToolsVersion = 16.4;
					};
					DB555A182E2AA0EC0009C169 = {
						CreatedOnToolsVersion = 16.4;
						TestTargetID = DB555A092E2AA0EA0009C169;
					};
					DB555A222E2AA0EC0009C169 = {
						CreatedOnToolsVersion = 16.4;
						TestTargetID = DB555A092E2AA0EA0009C169;
					};
				};
			};
			buildConfigurationList = DB555A052E2AA0EA0009C169 /* Build configuration list for PBXProject "Track Visit" */;
			developmentRegion = en;
			hasScannedForEncodings = 0;
			knownRegions = (
				en,
				Base,
			);
			mainGroup = DB555A012E2AA0EA0009C169;
			minimizedProjectReferenceProxies = 1;
			preferredProjectObjectVersion = 77;
			productRefGroup = DB555A0B2E2AA0EA0009C169 /* Products */;
			projectDirPath = "";
			projectRoot = "";
			targets = (
				DB555A092E2AA0EA0009C169 /* Track Visit */,
				DB555A182E2AA0EC0009C169 /* Track VisitTests */,
				DB555A222E2AA0EC0009C169 /* Track VisitUITests */,
			);
		};
/* End PBXProject section */

/* Begin PBXResourcesBuildPhase section */
		DB555A082E2AA0EA0009C169 /* Resources */ = {
			isa = PBXResourcesBuildPhase;
			buildActionMask = 2147483647;
			files = (
			);
			runOnlyForDeploymentPostprocessing = 0;
		};
		DB555A172E2AA0EC0009C169 /* Resources */ = {
			isa = PBXResourcesBuildPhase;
			buildActionMask = 2147483647;
			files = (
			);
			runOnlyForDeploymentPostprocessing = 0;
		};
		DB555A212E2AA0EC0009C169 /* Resources */ = {
			isa = PBXResourcesBuildPhase;
			buildActionMask = 2147483647;
			files = (
			);
			runOnlyForDeploymentPostprocessing = 0;
		};
/* End PBXResourcesBuildPhase section */

/* Begin PBXSourcesBuildPhase section */
		DB555A062E2AA0EA0009C169 /* Sources */ = {
			isa = PBXSourcesBuildPhase;
			buildActionMask = 2147483647;
			files = (
			);
			runOnlyForDeploymentPostprocessing = 0;
		};
		DB555A152E2AA0EC0009C169 /* Sources */ = {
			isa = PBXSourcesBuildPhase;
			buildActionMask = 2147483647;
			files = (
			);
			runOnlyForDeploymentPostprocessing = 0;
		};
		DB555A1F2E2AA0EC0009C169 /* Sources */ = {
			isa = PBXSourcesBuildPhase;
			buildActionMask = 2147483647;
			files = (
			);
			runOnlyForDeploymentPostprocessing = 0;
		};
/* End PBXSourcesBuildPhase section */

/* Begin PBXTargetDependency section */
		DB555A1B2E2AA0EC0009C169 /* PBXTargetDependency */ = {
			isa = PBXTargetDependency;
			target = DB555A092E2AA0EA0009C169 /* Track Visit */;
			targetProxy = DB555A1A2E2AA0EC0009C169 /* PBXContainerItemProxy */;
		};
		DB555A252E2AA0EC0009C169 /* PBXTargetDependency */ = {
			isa = PBXTargetDependency;
			target = DB555A092E2AA0EA0009C169 /* Track Visit */;
			targetProxy = DB555A242E2AA0EC0009C169 /* PBXContainerItemProxy */;
		};
/* End PBXTargetDependency section */

/* Begin XCBuildConfiguration section */
		DB555A2B2E2AA0EC0009C169 /* Debug */ = {
			isa = XCBuildConfiguration;
			buildSettings = {
				ALWAYS_SEARCH_USER_PATHS = NO;
				ASSETCATALOG_COMPILER_GENERATE_SWIFT_ASSET_SYMBOL_EXTENSIONS = YES;
				CLANG_ANALYZER_NONNULL = YES;
				CLANG_ANALYZER_NUMBER_OBJECT_CONVERSION = YES_AGGRESSIVE;
				CLANG_CXX_LANGUAGE_STANDARD = "gnu++20";
				CLANG_ENABLE_MODULES = YES;
				CLANG_ENABLE_OBJC_ARC = YES;
				CLANG_ENABLE_OBJC_WEAK = YES;
				CLANG_WARN_BLOCK_CAPTURE_AUTORELEASING = YES;
				CLANG_WARN_BOOL_CONVERSION = YES;
				CLANG_WARN_COMMA = YES;
				CLANG_WARN_CONSTANT_CONVERSION = YES;
				CLANG_WARN_DEPRECATED_OBJC_IMPLEMENTATIONS = YES;
				CLANG_WARN_DIRECT_OBJC_ISA_USAGE = YES_ERROR;
				CLANG_WARN_DOCUMENTATION_COMMENTS = YES;
				CLANG_WARN_EMPTY_BODY = YES;
				CLANG_WARN_ENUM_CONVERSION = YES;
				CLANG_WARN_INFINITE_RECURSION = YES;
				CLANG_WARN_INT_CONVERSION = YES;
				CLANG_WARN_NON_LITERAL_NULL_CONVERSION = YES;
				CLANG_WARN_OBJC_IMPLICIT_RETAIN_SELF = YES;
				CLANG_WARN_OBJC_LITERAL_CONVERSION = YES;
				CLANG_WARN_OBJC_ROOT_CLASS = YES_ERROR;
				CLANG_WARN_QUOTED_INCLUDE_IN_FRAMEWORK_HEADER = YES;
				CLANG_WARN_RANGE_LOOP_ANALYSIS = YES;
				CLANG_WARN_STRICT_PROTOTYPES = YES;
				CLANG_WARN_SUSPICIOUS_MOVE = YES;
				CLANG_WARN_UNGUARDED_AVAILABILITY = YES_AGGRESSIVE;
				CLANG_WARN_UNREACHABLE_CODE = YES;
				CLANG_WARN__DUPLICATE_METHOD_MATCH = YES;
				COPY_PHASE_STRIP = NO;
				DEBUG_INFORMATION_FORMAT = dwarf;
				ENABLE_STRICT_OBJC_MSGSEND = YES;
				ENABLE_TESTABILITY = YES;
				ENABLE_USER_SCRIPT_SANDBOXING = YES;
				GCC_C_LANGUAGE_STANDARD = gnu17;
				GCC_DYNAMIC_NO_PIC = NO;
				GCC_NO_COMMON_BLOCKS = YES;
				GCC_OPTIMIZATION_LEVEL = 0;
				GCC_PREPROCESSOR_DEFINITIONS = (
					"DEBUG=1",
					"$(inherited)",
				);
				GCC_WARN_64_TO_32_BIT_CONVERSION = YES;
				GCC_WARN_ABOUT_RETURN_TYPE = YES_ERROR;
				GCC_WARN_UNDECLARED_SELECTOR = YES;
				GCC_WARN_UNINITIALIZED_AUTOS = YES_AGGRESSIVE;
				GCC_WARN_UNUSED_FUNCTION = YES;
				GCC_WARN_UNUSED_VARIABLE = YES;
				IPHONEOS_DEPLOYMENT_TARGET = 18.5;
				LOCALIZATION_PREFERS_STRING_CATALOGS = YES;
				MTL_ENABLE_DEBUG_INFO = INCLUDE_SOURCE;
				MTL_FAST_MATH = YES;
				ONLY_ACTIVE_ARCH = YES;
				SDKROOT = iphoneos;
				SWIFT_ACTIVE_COMPILATION_CONDITIONS = "DEBUG $(inherited)";
				SWIFT_OPTIMIZATION_LEVEL = "-Onone";
			};
			name = Debug;
		};
		DB555A2C2E2AA0EC0009C169 /* Release */ = {
			isa = XCBuildConfiguration;
			buildSettings = {
				ALWAYS_SEARCH_USER_PATHS = NO;
				ASSETCATALOG_COMPILER_GENERATE_SWIFT_ASSET_SYMBOL_EXTENSIONS = YES;
				CLANG_ANALYZER_NONNULL = YES;
				CLANG_ANALYZER_NUMBER_OBJECT_CONVERSION = YES_AGGRESSIVE;
				CLANG_CXX_LANGUAGE_STANDARD = "gnu++20";
				CLANG_ENABLE_MODULES = YES;
				CLANG_ENABLE_OBJC_ARC = YES;
				CLANG_ENABLE_OBJC_WEAK = YES;
				CLANG_WARN_BLOCK_CAPTURE_AUTORELEASING = YES;
				CLANG_WARN_BOOL_CONVERSION = YES;
				CLANG_WARN_COMMA = YES;
				CLANG_WARN_CONSTANT_CONVERSION = YES;
				CLANG_WARN_DEPRECATED_OBJC_IMPLEMENTATIONS = YES;
				CLANG_WARN_DIRECT_OBJC_ISA_USAGE = YES_ERROR;
				CLANG_WARN_DOCUMENTATION_COMMENTS = YES;
				CLANG_WARN_EMPTY_BODY = YES;
				CLANG_WARN_ENUM_CONVERSION = YES;
				CLANG_WARN_INFINITE_RECURSION = YES;
				CLANG_WARN_INT_CONVERSION = YES;
				CLANG_WARN_NON_LITERAL_NULL_CONVERSION = YES;
				CLANG_WARN_OBJC_IMPLICIT_RETAIN_SELF = YES;
				CLANG_WARN_OBJC_LITERAL_CONVERSION = YES;
				CLANG_WARN_OBJC_ROOT_CLASS = YES_ERROR;
				CLANG_WARN_QUOTED_INCLUDE_IN_FRAMEWORK_HEADER = YES;
				CLANG_WARN_RANGE_LOOP_ANALYSIS = YES;
				CLANG_WARN_STRICT_PROTOTYPES = YES;
				CLANG_WARN_SUSPICIOUS_MOVE = YES;
				CLANG_WARN_UNGUARDED_AVAILABILITY = YES_AGGRESSIVE;
				CLANG_WARN_UNREACHABLE_CODE = YES;
				CLANG_WARN__DUPLICATE_METHOD_MATCH = YES;
				COPY_PHASE_STRIP = NO;
				DEBUG_INFORMATION_FORMAT = "dwarf-with-dsym";
				ENABLE_NS_ASSERTIONS = NO;
				ENABLE_STRICT_OBJC_MSGSEND = YES;
				ENABLE_USER_SCRIPT_SANDBOXING = YES;
				GCC_C_LANGUAGE_STANDARD = gnu17;
				GCC_NO_COMMON_BLOCKS = YES;
				GCC_WARN_64_TO_32_BIT_CONVERSION = YES;
				GCC_WARN_ABOUT_RETURN_TYPE = YES_ERROR;
				GCC_WARN_UNDECLARED_SELECTOR = YES;
				GCC_WARN_UNINITIALIZED_AUTOS = YES_AGGRESSIVE;
				GCC_WARN_UNUSED_FUNCTION = YES;
				GCC_WARN_UNUSED_VARIABLE = YES;
				IPHONEOS_DEPLOYMENT_TARGET = 18.5;
				LOCALIZATION_PREFERS_STRING_CATALOGS = YES;
				MTL_ENABLE_DEBUG_INFO = NO;
				MTL_FAST_MATH = YES;
				SDKROOT = iphoneos;
				SWIFT_COMPILATION_MODE = wholemodule;
				VALIDATE_PRODUCT = YES;
			};
			name = Release;
		};
		DB555A2E2E2AA0EC0009C169 /* Debug */ = {
			isa = XCBuildConfiguration;
			buildSettings = {
				ASSETCATALOG_COMPILER_APPICON_NAME = AppIcon;
				ASSETCATALOG_COMPILER_GLOBAL_ACCENT_COLOR_NAME = AccentColor;
				CODE_SIGN_STYLE = Automatic;
				CURRENT_PROJECT_VERSION = 1;
				ENABLE_PREVIEWS = YES;
				GENERATE_INFOPLIST_FILE = YES;
				INFOPLIST_KEY_UIApplicationSceneManifest_Generation = YES;
				INFOPLIST_KEY_UIApplicationSupportsIndirectInputEvents = YES;
				INFOPLIST_KEY_UILaunchScreen_Generation = YES;
				INFOPLIST_KEY_UISupportedInterfaceOrientations_iPad = "UIInterfaceOrientationPortrait UIInterfaceOrientationPortraitUpsideDown UIInterfaceOrientationLandscapeLeft UIInterfaceOrientationLandscapeRight";
				INFOPLIST_KEY_UISupportedInterfaceOrientations_iPhone = "UIInterfaceOrientationPortrait UIInterfaceOrientationLandscapeLeft UIInterfaceOrientationLandscapeRight";
				LD_RUNPATH_SEARCH_PATHS = (
					"$(inherited)",
					"@executable_path/Frameworks",
				);
				MARKETING_VERSION = 1.0;
				PRODUCT_BUNDLE_IDENTIFIER = "com.christosbimpas.Track-Visit";
				PRODUCT_NAME = "$(TARGET_NAME)";
				SWIFT_EMIT_LOC_STRINGS = YES;
				SWIFT_VERSION = 5.0;
				TARGETED_DEVICE_FAMILY = "1,2";
			};
			name = Debug;
		};
		DB555A2F2E2AA0EC0009C169 /* Release */ = {
			isa = XCBuildConfiguration;
			buildSettings = {
				ASSETCATALOG_COMPILER_APPICON_NAME = AppIcon;
				ASSETCATALOG_COMPILER_GLOBAL_ACCENT_COLOR_NAME = AccentColor;
				CODE_SIGN_STYLE = Automatic;
				CURRENT_PROJECT_VERSION = 1;
				ENABLE_PREVIEWS = YES;
				GENERATE_INFOPLIST_FILE = YES;
				INFOPLIST_KEY_UIApplicationSceneManifest_Generation = YES;
				INFOPLIST_KEY_UIApplicationSupportsIndirectInputEvents = YES;
				INFOPLIST_KEY_UILaunchScreen_Generation = YES;
				INFOPLIST_KEY_UISupportedInterfaceOrientations_iPad = "UIInterfaceOrientationPortrait UIInterfaceOrientationPortraitUpsideDown UIInterfaceOrientationLandscapeLeft UIInterfaceOrientationLandscapeRight";
				INFOPLIST_KEY_UISupportedInterfaceOrientations_iPhone = "UIInterfaceOrientationPortrait UIInterfaceOrientationLandscapeLeft UIInterfaceOrientationLandscapeRight";
				LD_RUNPATH_SEARCH_PATHS = (
					"$(inherited)",
					"@executable_path/Frameworks",
				);
				MARKETING_VERSION = 1.0;
				PRODUCT_BUNDLE_IDENTIFIER = "com.christosbimpas.Track-Visit";
				PRODUCT_NAME = "$(TARGET_NAME)";
				SWIFT_EMIT_LOC_STRINGS = YES;
				SWIFT_VERSION = 5.0;
				TARGETED_DEVICE_FAMILY = "1,2";
			};
			name = Release;
		};
		DB555A312E2AA0EC0009C169 /* Debug */ = {
			isa = XCBuildConfiguration;
			buildSettings = {
				BUNDLE_LOADER = "$(TEST_HOST)";
				CODE_SIGN_STYLE = Automatic;
				CURRENT_PROJECT_VERSION = 1;
				GENERATE_INFOPLIST_FILE = YES;
				IPHONEOS_DEPLOYMENT_TARGET = 18.5;
				MARKETING_VERSION = 1.0;
				PRODUCT_BUNDLE_IDENTIFIER = "com.christosbimpas.Track-VisitTests";
				PRODUCT_NAME = "$(TARGET_NAME)";
				SWIFT_EMIT_LOC_STRINGS = NO;
				SWIFT_VERSION = 5.0;
				TARGETED_DEVICE_FAMILY = "1,2";
				TEST_HOST = "$(BUILT_PRODUCTS_DIR)/Track Visit.app/$(BUNDLE_EXECUTABLE_FOLDER_PATH)/Track Visit";
			};
			name = Debug;
		};
		DB555A322E2AA0EC0009C169 /* Release */ = {
			isa = XCBuildConfiguration;
			buildSettings = {
				BUNDLE_LOADER = "$(TEST_HOST)";
				CODE_SIGN_STYLE = Automatic;
				CURRENT_PROJECT_VERSION = 1;
				GENERATE_INFOPLIST_FILE = YES;
				IPHONEOS_DEPLOYMENT_TARGET = 18.5;
				MARKETING_VERSION = 1.0;
				PRODUCT_BUNDLE_IDENTIFIER = "com.christosbimpas.Track-VisitTests";
				PRODUCT_NAME = "$(TARGET_NAME)";
				SWIFT_EMIT_LOC_STRINGS = NO;
				SWIFT_VERSION = 5.0;
				TARGETED_DEVICE_FAMILY = "1,2";
				TEST_HOST = "$(BUILT_PRODUCTS_DIR)/Track Visit.app/$(BUNDLE_EXECUTABLE_FOLDER_PATH)/Track Visit";
			};
			name = Release;
		};
		DB555A342E2AA0EC0009C169 /* Debug */ = {
			isa = XCBuildConfiguration;
			buildSettings = {
				CODE_SIGN_STYLE = Automatic;
				CURRENT_PROJECT_VERSION = 1;
				GENERATE_INFOPLIST_FILE = YES;
				MARKETING_VERSION = 1.0;
				PRODUCT_BUNDLE_IDENTIFIER = "com.christosbimpas.Track-VisitUITests";
				PRODUCT_NAME = "$(TARGET_NAME)";
				SWIFT_EMIT_LOC_STRINGS = NO;
				SWIFT_VERSION = 5.0;
				TARGETED_DEVICE_FAMILY = "1,2";
				TEST_TARGET_NAME = "Track Visit";
			};
			name = Debug;
		};
		DB555A352E2AA0EC0009C169 /* Release */ = {
			isa = XCBuildConfiguration;
			buildSettings = {
				CODE_SIGN_STYLE = Automatic;
				CURRENT_PROJECT_VERSION = 1;
				GENERATE_INFOPLIST_FILE = YES;
				MARKETING_VERSION = 1.0;
				PRODUCT_BUNDLE_IDENTIFIER = "com.christosbimpas.Track-VisitUITests";
				PRODUCT_NAME = "$(TARGET_NAME)";
				SWIFT_EMIT_LOC_STRINGS = NO;
				SWIFT_VERSION = 5.0;
				TARGETED_DEVICE_FAMILY = "1,2";
				TEST_TARGET_NAME = "Track Visit";
			};
			name = Release;
		};
/* End XCBuildConfiguration section */

/* Begin XCConfigurationList section */
		DB555A052E2AA0EA0009C169 /* Build configuration list for PBXProject "Track Visit" */ = {
			isa = XCConfigurationList;
			buildConfigurations = (
				DB555A2B2E2AA0EC0009C169 /* Debug */,
				DB555A2C2E2AA0EC0009C169 /* Release */,
			);
			defaultConfigurationIsVisible = 0;
			defaultConfigurationName = Release;
		};
		DB555A2D2E2AA0EC0009C169 /* Build configuration list for PBXNativeTarget "Track Visit" */ = {
			isa = XCConfigurationList;
			buildConfigurations = (
				DB555A2E2E2AA0EC0009C169 /* Debug */,
				DB555A2F2E2AA0EC0009C169 /* Release */,
			);
			defaultConfigurationIsVisible = 0;
			defaultConfigurationName = Release;
		};
		DB555A302E2AA0EC0009C169 /* Build configuration list for PBXNativeTarget "Track VisitTests" */ = {
			isa = XCConfigurationList;
			buildConfigurations = (
				DB555A312E2AA0EC0009C169 /* Debug */,
				DB555A322E2AA0EC0009C169 /* Release */,
			);
			defaultConfigurationIsVisible = 0;
			defaultConfigurationName = Release;
		};
		DB555A332E2AA0EC0009C169 /* Build configuration list for PBXNativeTarget "Track VisitUITests" */ = {
			isa = XCConfigurationList;
			buildConfigurations = (
				DB555A342E2AA0EC0009C169 /* Debug */,
				DB555A352E2AA0EC0009C169 /* Release */,
			);
			defaultConfigurationIsVisible = 0;
			defaultConfigurationName = Release;
		};
/* End XCConfigurationList section */
	};
	rootObject = DB555A022E2AA0EA0009C169 /* Project object */;
}
